<?xml version="1.0" encoding="utf-8"?>
<Project ToolsVersion="4.0" xmlns="http://schemas.microsoft.com/developer/msbuild/2003">
  <ItemGroup>
    <Filter Include="Source Files">
      <UniqueIdentifier>{4FC737F1-C7A5-4376-A066-2A32D752A2FF}</UniqueIdentifier>
      <Extensions>cpp;c;cc;cxx;def;odl;idl;hpj;bat;asm;asmx</Extensions>
    </Filter>
    <Filter Include="Header Files">
      <UniqueIdentifier>{93995380-89BD-4b04-88EB-625FBE52EBFB}</UniqueIdentifier>
      <Extensions>h;hh;hpp;hxx;hm;inl;inc;ipp;xsd</Extensions>
    </Filter>
    <Filter Include="Resource Files">
      <UniqueIdentifier>{67DA6AB6-F800-4c08-8B7A-83BB121AAD01}</UniqueIdentifier>
      <Extensions>rc;ico;cur;bmp;dlg;rc2;rct;bin;rgs;gif;jpg;jpeg;jpe;resx;tiff;tif;png;wav;mfcribbon-ms</Extensions>
    </Filter>
  </ItemGroup>
  <ItemGroup>
    <ClCompile Include="main.cpp">
      <Filter>Source Files</Filter>
    </ClCompile>
    <ClCompile Include="render\Camera.cpp">
      <Filter>Source Files</Filter>
    </ClCompile>
    <ClCompile Include="render\Canvas.cpp">
      <Filter>Source Files</Filter>
    </ClCompile>
    <ClCompile Include="struct\Intersection.cpp">
      <Filter>Source Files</Filter>
    </ClCompile>
    <ClCompile Include="struct\Matrix.cpp">
      <Filter>Source Files</Filter>
    </ClCompile>
    <ClCompile Include="struct\Tuple.cpp">
      <Filter>Source Files</Filter>
    </ClCompile>
    <ClCompile Include="object\Object.cpp">
      <Filter>Source Files</Filter>
    </ClCompile>
    <ClCompile Include="object\Plane.cpp">
      <Filter>Source Files</Filter>
    </ClCompile>
    <ClCompile Include="object\Sphere.cpp">
      <Filter>Source Files</Filter>
    </ClCompile>
    <ClCompile Include="property\Material.cpp">
      <Filter>Source Files</Filter>
    </ClCompile>
    <ClCompile Include="property\Pattern.cpp">
      <Filter>Source Files</Filter>
    </ClCompile>
    <ClCompile Include="property\Color.cpp">
      <Filter>Source Files</Filter>
    </ClCompile>
    <ClCompile Include="world\World.cpp">
      <Filter>Source Files</Filter>
    </ClCompile>
    <ClCompile Include="world\Ray.cpp">
      <Filter>Source Files</Filter>
    </ClCompile>
    <ClCompile Include="light\Light.cpp">
      <Filter>Source Files</Filter>
    </ClCompile>
    <ClCompile Include="light\PointLight.cpp">
      <Filter>Source Files</Filter>
    </ClCompile>
    <ClCompile Include="struct\Util.cpp">
      <Filter>Source Files</Filter>
    </ClCompile>
    <ClCompile Include="object\Cube.cpp">
      <Filter>Source Files</Filter>
    </ClCompile>
    <ClCompile Include="object\Cylinder.cpp">
      <Filter>Source Files</Filter>
    </ClCompile>
    <ClCompile Include="object\Cone.cpp">
      <Filter>Source Files</Filter>
    </ClCompile>
    <ClCompile Include="object\Group.cpp">
      <Filter>Source Files</Filter>
    </ClCompile>
    <ClCompile Include="struct\Bounds.cpp">
      <Filter>Source Files</Filter>
    </ClCompile>
    <ClCompile Include="object\Triangle.cpp">
      <Filter>Source Files</Filter>
    </ClCompile>
    <ClCompile Include="io\ObjParser.cpp">
      <Filter>Source Files</Filter>
    </ClCompile>
    <ClCompile Include="object\SmoothTriangle.cpp">
      <Filter>Source Files</Filter>
    </ClCompile>
    <ClCompile Include="object\CSG.cpp">
      <Filter>Source Files</Filter>
    </ClCompile>
  </ItemGroup>
  <ItemGroup>
    <None Include="packages.config" />
  </ItemGroup>
  <ItemGroup>
    <ClInclude Include="render\Camera.h">
      <Filter>Header Files</Filter>
    </ClInclude>
    <ClInclude Include="render\Canvas.h">
      <Filter>Header Files</Filter>
    </ClInclude>
    <ClInclude Include="struct\Intersection.h">
      <Filter>Header Files</Filter>
    </ClInclude>
    <ClInclude Include="struct\Matrix.h">
      <Filter>Header Files</Filter>
    </ClInclude>
    <ClInclude Include="struct\Tuple.h">
      <Filter>Header Files</Filter>
    </ClInclude>
    <ClInclude Include="object\Object.h">
      <Filter>Header Files</Filter>
    </ClInclude>
    <ClInclude Include="object\Plane.h">
      <Filter>Header Files</Filter>
    </ClInclude>
    <ClInclude Include="object\Sphere.h">
      <Filter>Header Files</Filter>
    </ClInclude>
    <ClInclude Include="property\Material.h">
      <Filter>Header Files</Filter>
    </ClInclude>
    <ClInclude Include="property\Pattern.h">
      <Filter>Header Files</Filter>
    </ClInclude>
    <ClInclude Include="property\Color.h">
      <Filter>Header Files</Filter>
    </ClInclude>
    <ClInclude Include="world\World.h">
      <Filter>Header Files</Filter>
    </ClInclude>
    <ClInclude Include="world\Ray.h">
      <Filter>Header Files</Filter>
    </ClInclude>
    <ClInclude Include="light\Light.h">
      <Filter>Header Files</Filter>
    </ClInclude>
    <ClInclude Include="light\PointLight.h">
      <Filter>Header Files</Filter>
    </ClInclude>
    <ClInclude Include="struct\Util.h">
      <Filter>Header Files</Filter>
    </ClInclude>
    <ClInclude Include="object\Cube.h">
      <Filter>Header Files</Filter>
    </ClInclude>
    <ClInclude Include="object\Cylinder.h">
      <Filter>Header Files</Filter>
    </ClInclude>
    <ClInclude Include="object\Cone.h">
      <Filter>Header Files</Filter>
    </ClInclude>
    <ClInclude Include="object\Group.h">
      <Filter>Header Files</Filter>
    </ClInclude>
    <ClInclude Include="struct\Bounds.h">
      <Filter>Header Files</Filter>
    </ClInclude>
    <ClInclude Include="object\Triangle.h">
      <Filter>Header Files</Filter>
    </ClInclude>
    <ClInclude Include="io\ObjParser.h">
      <Filter>Header Files</Filter>
    </ClInclude>
    <ClInclude Include="object\SmoothTriangle.h">
      <Filter>Header Files</Filter>
    </ClInclude>
    <ClInclude Include="object\CSG.h">
      <Filter>Header Files</Filter>
    </ClInclude>
  </ItemGroup>
</Project>