
Microsoft Visual Studio Solution File, Format Version 12.00
# Visual Studio Version 16
VisualStudioVersion = 16.0.29409.12
MinimumVisualStudioVersion = 10.0.40219.1
Project("{8BC9CEB8-8B4A-11D0-8D11-00A0C91BC942}") = "Raytracer", "Raytracer\Raytracer.vcxproj", "{32181C1D-232F-4A1C-AD7F-C6E6D0AF5D4C}"
EndProject
Project("{8BC9CEB8-8B4A-11D0-8D11-00A0C91BC942}") = "RaytracerTest", "RaytracerTest\RaytracerTest.vcxproj", "{83C96E3D-23DE-4D84-9BCD-5621089B3CC1}"
EndProject
Global
	GlobalSection(SolutionConfigurationPlatforms) = preSolution
		Debug|x64 = Debug|x64
		Debug|x86 = Debug|x86
		Release|x64 = Release|x64
		Release|x86 = Release|x86
	EndGlobalSection
	GlobalSection(ProjectConfigurationPlatforms) = postSolution
		{32181C1D-232F-4A1C-AD7F-C6E6D0AF5D4C}.Debug|x64.ActiveCfg = Debug|x64
		{32181C1D-232F-4A1C-AD7F-C6E6D0AF5D4C}.Debug|x64.Build.0 = Debug|x64
		{32181C1D-232F-4A1C-AD7F-C6E6D0AF5D4C}.Debug|x86.ActiveCfg = Debug|Win32
		{32181C1D-232F-4A1C-AD7F-C6E6D0AF5D4C}.Debug|x86.Build.0 = Debug|Win32
		{32181C1D-232F-4A1C-AD7F-C6E6D0AF5D4C}.Release|x64.ActiveCfg = Release|x64
		{32181C1D-232F-4A1C-AD7F-C6E6D0AF5D4C}.Release|x64.Build.0 = Release|x64
		{32181C1D-232F-4A1C-AD7F-C6E6D0AF5D4C}.Release|x86.ActiveCfg = Release|Win32
		{32181C1D-232F-4A1C-AD7F-C6E6D0AF5D4C}.Release|x86.Build.0 = Release|Win32
		{83C96E3D-23DE-4D84-9BCD-5621089B3CC1}.Debug|x64.ActiveCfg = Debug|x64
		{83C96E3D-23DE-4D84-9BCD-5621089B3CC1}.Debug|x64.Build.0 = Debug|x64
		{83C96E3D-23DE-4D84-9BCD-5621089B3CC1}.Debug|x86.ActiveCfg = Debug|Win32
		{83C96E3D-23DE-4D84-9BCD-5621089B3CC1}.Debug|x86.Build.0 = Debug|Win32
		{83C96E3D-23DE-4D84-9BCD-5621089B3CC1}.Release|x64.ActiveCfg = Release|x64
		{83C96E3D-23DE-4D84-9BCD-5621089B3CC1}.Release|x64.Build.0 = Release|x64
		{83C96E3D-23DE-4D84-9BCD-5621089B3CC1}.Release|x86.ActiveCfg = Release|Win32
		{83C96E3D-23DE-4D84-9BCD-5621089B3CC1}.Release|x86.Build.0 = Release|Win32
	EndGlobalSection
	GlobalSection(SolutionProperties) = preSolution
		HideSolutionNode = FALSE
	EndGlobalSection
	GlobalSection(ExtensibilityGlobals) = postSolution
		SolutionGuid = {8CA11655-EF61-45DC-A710-25CCBDFCFC05}
	EndGlobalSection
EndGlobal
